// !$*UTF8*$!
{
	archiveVersion = 1;
	classes = {
	};
	objectVersion = 46;
	objects = {

/* Begin PBXBuildFile section */
		C07164881D747E0F00D2CD86 /* AppDelegate.swift in Sources */ = {isa = PBXBuildFile; fileRef = C07164871D747E0F00D2CD86 /* AppDelegate.swift */; };
		C071648A1D747E0F00D2CD86 /* ViewController.swift in Sources */ = {isa = PBXBuildFile; fileRef = C07164891D747E0F00D2CD86 /* ViewController.swift */; };
		C071648D1D747E0F00D2CD86 /* Main.storyboard in Resources */ = {isa = PBXBuildFile; fileRef = C071648B1D747E0F00D2CD86 /* Main.storyboard */; };
		C071648F1D747E0F00D2CD86 /* Assets.xcassets in Resources */ = {isa = PBXBuildFile; fileRef = C071648E1D747E0F00D2CD86 /* Assets.xcassets */; };
		C07164921D747E0F00D2CD86 /* LaunchScreen.storyboard in Resources */ = {isa = PBXBuildFile; fileRef = C07164901D747E0F00D2CD86 /* LaunchScreen.storyboard */; };
		C071649D1D747E0F00D2CD86 /* FoodTracker_v1Tests.swift in Sources */ = {isa = PBXBuildFile; fileRef = C071649C1D747E0F00D2CD86 /* FoodTracker_v1Tests.swift */; };
/* End PBXBuildFile section */

/* Begin PBXContainerItemProxy section */
		C07164991D747E0F00D2CD86 /* PBXContainerItemProxy */ = {
			isa = PBXContainerItemProxy;
			containerPortal = C071647C1D747E0F00D2CD86 /* Project object */;
			proxyType = 1;
			remoteGlobalIDString = C07164831D747E0F00D2CD86;
			remoteInfo = FoodTracker_v1;
		};
/* End PBXContainerItemProxy section */

/* Begin PBXFileReference section */
		C07164841D747E0F00D2CD86 /* FoodTracker_v1.app */ = {isa = PBXFileReference; explicitFileType = wrapper.application; includeInIndex = 0; path = FoodTracker_v1.app; sourceTree = BUILT_PRODUCTS_DIR; };
		C07164871D747E0F00D2CD86 /* AppDelegate.swift */ = {isa = PBXFileReference; lastKnownFileType = sourcecode.swift; path = AppDelegate.swift; sourceTree = "<group>"; };
		C07164891D747E0F00D2CD86 /* ViewController.swift */ = {isa = PBXFileReference; lastKnownFileType = sourcecode.swift; path = ViewController.swift; sourceTree = "<group>"; };
		C071648C1D747E0F00D2CD86 /* Base */ = {isa = PBXFileReference; lastKnownFileType = file.storyboard; name = Base; path = Base.lproj/Main.storyboard; sourceTree = "<group>"; };
		C071648E1D747E0F00D2CD86 /* Assets.xcassets */ = {isa = PBXFileReference; lastKnownFileType = folder.assetcatalog; path = Assets.xcassets; sourceTree = "<group>"; };
		C07164911D747E0F00D2CD86 /* Base */ = {isa = PBXFileReference; lastKnownFileType = file.storyboard; name = Base; path = Base.lproj/LaunchScreen.storyboard; sourceTree = "<group>"; };
		C07164931D747E0F00D2CD86 /* Info.plist */ = {isa = PBXFileReference; lastKnownFileType = text.plist.xml; path = Info.plist; sourceTree = "<group>"; };
		C07164981D747E0F00D2CD86 /* FoodTracker_v1Tests.xctest */ = {isa = PBXFileReference; explicitFileType = wrapper.cfbundle; includeInIndex = 0; path = FoodTracker_v1Tests.xctest; sourceTree = BUILT_PRODUCTS_DIR; };
		C071649C1D747E0F00D2CD86 /* FoodTracker_v1Tests.swift */ = {isa = PBXFileReference; lastKnownFileType = sourcecode.swift; path = FoodTracker_v1Tests.swift; sourceTree = "<group>"; };
		C071649E1D747E0F00D2CD86 /* Info.plist */ = {isa = PBXFileReference; lastKnownFileType = text.plist.xml; path = Info.plist; sourceTree = "<group>"; };
/* End PBXFileReference section */

/* Begin PBXFrameworksBuildPhase section */
		C07164811D747E0F00D2CD86 /* Frameworks */ = {
			isa = PBXFrameworksBuildPhase;
			buildActionMask = 2147483647;
			files = (
			);
			runOnlyForDeploymentPostprocessing = 0;
		};
		C07164951D747E0F00D2CD86 /* Frameworks */ = {
			isa = PBXFrameworksBuildPhase;
			buildActionMask = 2147483647;
			files = (
			);
			runOnlyForDeploymentPostprocessing = 0;
		};
/* End PBXFrameworksBuildPhase section */

/* Begin PBXGroup section */
		C071647B1D747E0F00D2CD86 = {
			isa = PBXGroup;
			children = (
				C07164861D747E0F00D2CD86 /* FoodTracker_v1 */,
				C071649B1D747E0F00D2CD86 /* FoodTracker_v1Tests */,
				C07164851D747E0F00D2CD86 /* Products */,
			);
			sourceTree = "<group>";
		};
		C07164851D747E0F00D2CD86 /* Products */ = {
			isa = PBXGroup;
			children = (
				C07164841D747E0F00D2CD86 /* FoodTracker_v1.app */,
				C07164981D747E0F00D2CD86 /* FoodTracker_v1Tests.xctest */,
			);
			name = Products;
			sourceTree = "<group>";
		};
		C07164861D747E0F00D2CD86 /* FoodTracker_v1 */ = {
			isa = PBXGroup;
			children = (
				C07164871D747E0F00D2CD86 /* AppDelegate.swift */,
				C07164891D747E0F00D2CD86 /* ViewController.swift */,
				C071648B1D747E0F00D2CD86 /* Main.storyboard */,
				C071648E1D747E0F00D2CD86 /* Assets.xcassets */,
				C07164901D747E0F00D2CD86 /* LaunchScreen.storyboard */,
				C07164931D747E0F00D2CD86 /* Info.plist */,
			);
			path = FoodTracker_v1;
			sourceTree = "<group>";
		};
		C071649B1D747E0F00D2CD86 /* FoodTracker_v1Tests */ = {
			isa = PBXGroup;
			children = (
				C071649C1D747E0F00D2CD86 /* FoodTracker_v1Tests.swift */,
				C071649E1D747E0F00D2CD86 /* Info.plist */,
			);
			path = FoodTracker_v1Tests;
			sourceTree = "<group>";
		};
/* End PBXGroup section */

/* Begin PBXNativeTarget section */
		C07164831D747E0F00D2CD86 /* FoodTracker_v1 */ = {
			isa = PBXNativeTarget;
			buildConfigurationList = C07164A11D747E0F00D2CD86 /* Build configuration list for PBXNativeTarget "FoodTracker_v1" */;
			buildPhases = (
				C07164801D747E0F00D2CD86 /* Sources */,
				C07164811D747E0F00D2CD86 /* Frameworks */,
				C07164821D747E0F00D2CD86 /* Resources */,
			);
			buildRules = (
			);
			dependencies = (
			);
			name = FoodTracker_v1;
			productName = FoodTracker_v1;
			productReference = C07164841D747E0F00D2CD86 /* FoodTracker_v1.app */;
			productType = "com.apple.product-type.application";
		};
		C07164971D747E0F00D2CD86 /* FoodTracker_v1Tests */ = {
			isa = PBXNativeTarget;
			buildConfigurationList = C07164A41D747E0F00D2CD86 /* Build configuration list for PBXNativeTarget "FoodTracker_v1Tests" */;
			buildPhases = (
				C07164941D747E0F00D2CD86 /* Sources */,
				C07164951D747E0F00D2CD86 /* Frameworks */,
				C07164961D747E0F00D2CD86 /* Resources */,
			);
			buildRules = (
			);
			dependencies = (
				C071649A1D747E0F00D2CD86 /* PBXTargetDependency */,
			);
			name = FoodTracker_v1Tests;
			productName = FoodTracker_v1Tests;
			productReference = C07164981D747E0F00D2CD86 /* FoodTracker_v1Tests.xctest */;
			productType = "com.apple.product-type.bundle.unit-test";
		};
/* End PBXNativeTarget section */

/* Begin PBXProject section */
		C071647C1D747E0F00D2CD86 /* Project object */ = {
			isa = PBXProject;
			attributes = {
				LastSwiftUpdateCheck = 0730;
				LastUpgradeCheck = 0730;
				ORGANIZATIONNAME = Naski;
				TargetAttributes = {
					C07164831D747E0F00D2CD86 = {
						CreatedOnToolsVersion = 7.3.1;
					};
					C07164971D747E0F00D2CD86 = {
						CreatedOnToolsVersion = 7.3.1;
						TestTargetID = C07164831D747E0F00D2CD86;
					};
				};
			};
			buildConfigurationList = C071647F1D747E0F00D2CD86 /* Build configuration list for PBXProject "FoodTracker_v1" */;
			compatibilityVersion = "Xcode 3.2";
			developmentRegion = English;
			hasScannedForEncodings = 0;
			knownRegions = (
				en,
				Base,
			);
			mainGroup = C071647B1D747E0F00D2CD86;
			productRefGroup = C07164851D747E0F00D2CD86 /* Products */;
			projectDirPath = "";
			projectRoot = "";
			targets = (
				C07164831D747E0F00D2CD86 /* FoodTracker_v1 */,
				C07164971D747E0F00D2CD86 /* FoodTracker_v1Tests */,
			);
		};
/* End PBXProject section */

/* Begin PBXResourcesBuildPhase section */
		C07164821D747E0F00D2CD86 /* Resources */ = {
			isa = PBXResourcesBuildPhase;
			buildActionMask = 2147483647;
			files = (
				C07164921D747E0F00D2CD86 /* LaunchScreen.storyboard in Resources */,
				C071648F1D747E0F00D2CD86 /* Assets.xcassets in Resources */,
				C071648D1D747E0F00D2CD86 /* Main.storyboard in Resources */,
			);
			runOnlyForDeploymentPostprocessing = 0;
		};
		C07164961D747E0F00D2CD86 /* Resources */ = {
			isa = PBXResourcesBuildPhase;
			buildActionMask = 2147483647;
			files = (
			);
			runOnlyForDeploymentPostprocessing = 0;
		};
/* End PBXResourcesBuildPhase section */

/* Begin PBXSourcesBuildPhase section */
		C07164801D747E0F00D2CD86 /* Sources */ = {
			isa = PBXSourcesBuildPhase;
			buildActionMask = 2147483647;
			files = (
				C071648A1D747E0F00D2CD86 /* ViewController.swift in Sources */,
				C07164881D747E0F00D2CD86 /* AppDelegate.swift in Sources */,
			);
			runOnlyForDeploymentPostprocessing = 0;
		};
		C07164941D747E0F00D2CD86 /* Sources */ = {
			isa = PBXSourcesBuildPhase;
			buildActionMask = 2147483647;
			files = (
				C071649D1D747E0F00D2CD86 /* FoodTracker_v1Tests.swift in Sources */,
			);
			runOnlyForDeploymentPostprocessing = 0;
		};
/* End PBXSourcesBuildPhase section */

/* Begin PBXTargetDependency section */
		C071649A1D747E0F00D2CD86 /* PBXTargetDependency */ = {
			isa = PBXTargetDependency;
			target = C07164831D747E0F00D2CD86 /* FoodTracker_v1 */;
			targetProxy = C07164991D747E0F00D2CD86 /* PBXContainerItemProxy */;
		};
/* End PBXTargetDependency section */

/* Begin PBXVariantGroup section */
		C071648B1D747E0F00D2CD86 /* Main.storyboard */ = {
			isa = PBXVariantGroup;
			children = (
				C071648C1D747E0F00D2CD86 /* Base */,
			);
			name = Main.storyboard;
			sourceTree = "<group>";
		};
		C07164901D747E0F00D2CD86 /* LaunchScreen.storyboard */ = {
			isa = PBXVariantGroup;
			children = (
				C07164911D747E0F00D2CD86 /* Base */,
			);
			name = LaunchScreen.storyboard;
			sourceTree = "<group>";
		};
/* End PBXVariantGroup section */

/* Begin XCBuildConfiguration section */
		C071649F1D747E0F00D2CD86 /* Debug */ = {
			isa = XCBuildConfiguration;
			buildSettings = {
				ALWAYS_SEARCH_USER_PATHS = NO;
				CLANG_ANALYZER_NONNULL = YES;
				CLANG_CXX_LANGUAGE_STANDARD = "gnu++0x";
				CLANG_CXX_LIBRARY = "libc++";
				CLANG_ENABLE_MODULES = YES;
				CLANG_ENABLE_OBJC_ARC = YES;
				CLANG_WARN_BOOL_CONVERSION = YES;
				CLANG_WARN_CONSTANT_CONVERSION = YES;
				CLANG_WARN_DIRECT_OBJC_ISA_USAGE = YES_ERROR;
				CLANG_WARN_EMPTY_BODY = YES;
				CLANG_WARN_ENUM_CONVERSION = YES;
				CLANG_WARN_INT_CONVERSION = YES;
				CLANG_WARN_OBJC_ROOT_CLASS = YES_ERROR;
				CLANG_WARN_UNREACHABLE_CODE = YES;
				CLANG_WARN__DUPLICATE_METHOD_MATCH = YES;
				"CODE_SIGN_IDENTITY[sdk=iphoneos*]" = "iPhone Developer";
				COPY_PHASE_STRIP = NO;
				DEBUG_INFORMATION_FORMAT = dwarf;
				ENABLE_STRICT_OBJC_MSGSEND = YES;
				ENABLE_TESTABILITY = YES;
				GCC_C_LANGUAGE_STANDARD = gnu99;
				GCC_DYNAMIC_NO_PIC = NO;
				GCC_NO_COMMON_BLOCKS = YES;
				GCC_OPTIMIZATION_LEVEL = 0;
				GCC_PREPROCESSOR_DEFINITIONS = (
					"DEBUG=1",
					"$(inherited)",
				);
				GCC_WARN_64_TO_32_BIT_CONVERSION = YES;
				GCC_WARN_ABOUT_RETURN_TYPE = YES_ERROR;
				GCC_WARN_UNDECLARED_SELECTOR = YES;
				GCC_WARN_UNINITIALIZED_AUTOS = YES_AGGRESSIVE;
				GCC_WARN_UNUSED_FUNCTION = YES;
				GCC_WARN_UNUSED_VARIABLE = YES;
				IPHONEOS_DEPLOYMENT_TARGET = 9.3;
				MTL_ENABLE_DEBUG_INFO = YES;
				ONLY_ACTIVE_ARCH = YES;
				SDKROOT = iphoneos;
				SWIFT_OPTIMIZATION_LEVEL = "-Onone";
			};
			name = Debug;
		};
		C07164A01D747E0F00D2CD86 /* Release */ = {
			isa = XCBuildConfiguration;
			buildSettings = {
				ALWAYS_SEARCH_USER_PATHS = NO;
				CLANG_ANALYZER_NONNULL = YES;
				CLANG_CXX_LANGUAGE_STANDARD = "gnu++0x";
				CLANG_CXX_LIBRARY = "libc++";
				CLANG_ENABLE_MODULES = YES;
				CLANG_ENABLE_OBJC_ARC = YES;
				CLANG_WARN_BOOL_CONVERSION = YES;
				CLANG_WARN_CONSTANT_CONVERSION = YES;
				CLANG_WARN_DIRECT_OBJC_ISA_USAGE = YES_ERROR;
				CLANG_WARN_EMPTY_BODY = YES;
				CLANG_WARN_ENUM_CONVERSION = YES;
				CLANG_WARN_INT_CONVERSION = YES;
				CLANG_WARN_OBJC_ROOT_CLASS = YES_ERROR;
				CLANG_WARN_UNREACHABLE_CODE = YES;
				CLANG_WARN__DUPLICATE_METHOD_MATCH = YES;
				"CODE_SIGN_IDENTITY[sdk=iphoneos*]" = "iPhone Developer";
				COPY_PHASE_STRIP = NO;
				DEBUG_INFORMATION_FORMAT = "dwarf-with-dsym";
				ENABLE_NS_ASSERTIONS = NO;
				ENABLE_STRICT_OBJC_MSGSEND = YES;
				GCC_C_LANGUAGE_STANDARD = gnu99;
				GCC_NO_COMMON_BLOCKS = YES;
				GCC_WARN_64_TO_32_BIT_CONVERSION = YES;
				GCC_WARN_ABOUT_RETURN_TYPE = YES_ERROR;
				GCC_WARN_UNDECLARED_SELECTOR = YES;
				GCC_WARN_UNINITIALIZED_AUTOS = YES_AGGRESSIVE;
				GCC_WARN_UNUSED_FUNCTION = YES;
				GCC_WARN_UNUSED_VARIABLE = YES;
				IPHONEOS_DEPLOYMENT_TARGET = 9.3;
				MTL_ENABLE_DEBUG_INFO = NO;
				SDKROOT = iphoneos;
				VALIDATE_PRODUCT = YES;
			};
			name = Release;
		};
		C07164A21D747E0F00D2CD86 /* Debug */ = {
			isa = XCBuildConfiguration;
			buildSettings = {
				ASSETCATALOG_COMPILER_APPICON_NAME = AppIcon;
				INFOPLIST_FILE = FoodTracker_v1/Info.plist;
				LD_RUNPATH_SEARCH_PATHS = "$(inherited) @executable_path/Frameworks";
				PRODUCT_BUNDLE_IDENTIFIER = "merima.FoodTracker-v1";
				PRODUCT_NAME = "$(TARGET_NAME)";
			};
			name = Debug;
		};
		C07164A31D747E0F00D2CD86 /* Release */ = {
			isa = XCBuildConfiguration;
			buildSettings = {
				ASSETCATALOG_COMPILER_APPICON_NAME = AppIcon;
				INFOPLIST_FILE = FoodTracker_v1/Info.plist;
				LD_RUNPATH_SEARCH_PATHS = "$(inherited) @executable_path/Frameworks";
				PRODUCT_BUNDLE_IDENTIFIER = "merima.FoodTracker-v1";
				PRODUCT_NAME = "$(TARGET_NAME)";
			};
			name = Release;
		};
		C07164A51D747E0F00D2CD86 /* Debug */ = {
			isa = XCBuildConfiguration;
			buildSettings = {
				BUNDLE_LOADER = "$(TEST_HOST)";
				INFOPLIST_FILE = FoodTracker_v1Tests/Info.plist;
				LD_RUNPATH_SEARCH_PATHS = "$(inherited) @executable_path/Frameworks @loader_path/Frameworks";
				PRODUCT_BUNDLE_IDENTIFIER = "merima.FoodTracker-v1Tests";
				PRODUCT_NAME = "$(TARGET_NAME)";
				TEST_HOST = "$(BUILT_PRODUCTS_DIR)/FoodTracker_v1.app/FoodTracker_v1";
			};
			name = Debug;
		};
		C07164A61D747E0F00D2CD86 /* Release */ = {
			isa = XCBuildConfiguration;
			buildSettings = {
				BUNDLE_LOADER = "$(TEST_HOST)";
				INFOPLIST_FILE = FoodTracker_v1Tests/Info.plist;
				LD_RUNPATH_SEARCH_PATHS = "$(inherited) @executable_path/Frameworks @loader_path/Frameworks";
				PRODUCT_BUNDLE_IDENTIFIER = "merima.FoodTracker-v1Tests";
				PRODUCT_NAME = "$(TARGET_NAME)";
				TEST_HOST = "$(BUILT_PRODUCTS_DIR)/FoodTracker_v1.app/FoodTracker_v1";
			};
			name = Release;
		};
/* End XCBuildConfiguration section */

/* Begin XCConfigurationList section */
		C071647F1D747E0F00D2CD86 /* Build configuration list for PBXProject "FoodTracker_v1" */ = {
			isa = XCConfigurationList;
			buildConfigurations = (
				C071649F1D747E0F00D2CD86 /* Debug */,
				C07164A01D747E0F00D2CD86 /* Release */,
			);
			defaultConfigurationIsVisible = 0;
			defaultConfigurationName = Release;
		};
		C07164A11D747E0F00D2CD86 /* Build configuration list for PBXNativeTarget "FoodTracker_v1" */ = {
			isa = XCConfigurationList;
			buildConfigurations = (
				C07164A21D747E0F00D2CD86 /* Debug */,
				C07164A31D747E0F00D2CD86 /* Release */,
			);
			defaultConfigurationIsVisible = 0;
		};
		C07164A41D747E0F00D2CD86 /* Build configuration list for PBXNativeTarget "FoodTracker_v1Tests" */ = {
			isa = XCConfigurationList;
			buildConfigurations = (
				C07164A51D747E0F00D2CD86 /* Debug */,
				C07164A61D747E0F00D2CD86 /* Release */,
			);
			defaultConfigurationIsVisible = 0;
		};
/* End XCConfigurationList section */
	};
	rootObject = C071647C1D747E0F00D2CD86 /* Project object */;
}
