// !$*UTF8*$!
{
	archiveVersion = 1;
	classes = {
	};
	objectVersion = 46;
	objects = {

/* Begin PBXBuildFile section */
		0C3415971DC0D45000C12497 /* UserViewController.swift in Sources */ = {isa = PBXBuildFile; fileRef = 0C3415961DC0D45000C12497 /* UserViewController.swift */; };
		0C3415991DC13A4A00C12497 /* Users.swift in Sources */ = {isa = PBXBuildFile; fileRef = 0C3415981DC13A4A00C12497 /* Users.swift */; };
		52C997B21DB52DF400315811 /* AppDelegate.swift in Sources */ = {isa = PBXBuildFile; fileRef = 52C997B11DB52DF400315811 /* AppDelegate.swift */; };
		52C997B41DB52DF400315811 /* ViewController.swift in Sources */ = {isa = PBXBuildFile; fileRef = 52C997B31DB52DF400315811 /* ViewController.swift */; };
		52C997B71DB52DF400315811 /* Main.storyboard in Resources */ = {isa = PBXBuildFile; fileRef = 52C997B51DB52DF400315811 /* Main.storyboard */; };
		52C997B91DB52DF400315811 /* Assets.xcassets in Resources */ = {isa = PBXBuildFile; fileRef = 52C997B81DB52DF400315811 /* Assets.xcassets */; };
		52C997BC1DB52DF400315811 /* LaunchScreen.storyboard in Resources */ = {isa = PBXBuildFile; fileRef = 52C997BA1DB52DF400315811 /* LaunchScreen.storyboard */; };
		52C997C41DB531A100315811 /* User.swift in Sources */ = {isa = PBXBuildFile; fileRef = 52C997C31DB531A100315811 /* User.swift */; };
		52C997C61DB531AC00315811 /* Address.swift in Sources */ = {isa = PBXBuildFile; fileRef = 52C997C51DB531AC00315811 /* Address.swift */; };
		52C997C81DB531B900315811 /* Geo.swift in Sources */ = {isa = PBXBuildFile; fileRef = 52C997C71DB531B900315811 /* Geo.swift */; };
		52C997CA1DB531CD00315811 /* Company.swift in Sources */ = {isa = PBXBuildFile; fileRef = 52C997C91DB531CD00315811 /* Company.swift */; };
/* End PBXBuildFile section */

/* Begin PBXFileReference section */
		0C3415961DC0D45000C12497 /* UserViewController.swift */ = {isa = PBXFileReference; fileEncoding = 4; lastKnownFileType = sourcecode.swift; path = UserViewController.swift; sourceTree = "<group>"; };
		0C3415981DC13A4A00C12497 /* Users.swift */ = {isa = PBXFileReference; fileEncoding = 4; lastKnownFileType = sourcecode.swift; path = Users.swift; sourceTree = "<group>"; };
		52C997AE1DB52DF400315811 /* LocationAndMaps.app */ = {isa = PBXFileReference; explicitFileType = wrapper.application; includeInIndex = 0; path = LocationAndMaps.app; sourceTree = BUILT_PRODUCTS_DIR; };
		52C997B11DB52DF400315811 /* AppDelegate.swift */ = {isa = PBXFileReference; lastKnownFileType = sourcecode.swift; path = AppDelegate.swift; sourceTree = "<group>"; };
		52C997B31DB52DF400315811 /* ViewController.swift */ = {isa = PBXFileReference; lastKnownFileType = sourcecode.swift; path = ViewController.swift; sourceTree = "<group>"; };
		52C997B61DB52DF400315811 /* Base */ = {isa = PBXFileReference; lastKnownFileType = file.storyboard; name = Base; path = Base.lproj/Main.storyboard; sourceTree = "<group>"; };
		52C997B81DB52DF400315811 /* Assets.xcassets */ = {isa = PBXFileReference; lastKnownFileType = folder.assetcatalog; path = Assets.xcassets; sourceTree = "<group>"; };
		52C997BB1DB52DF400315811 /* Base */ = {isa = PBXFileReference; lastKnownFileType = file.storyboard; name = Base; path = Base.lproj/LaunchScreen.storyboard; sourceTree = "<group>"; };
		52C997BD1DB52DF400315811 /* Info.plist */ = {isa = PBXFileReference; lastKnownFileType = text.plist.xml; path = Info.plist; sourceTree = "<group>"; };
		52C997C31DB531A100315811 /* User.swift */ = {isa = PBXFileReference; fileEncoding = 4; lastKnownFileType = sourcecode.swift; path = User.swift; sourceTree = "<group>"; };
		52C997C51DB531AC00315811 /* Address.swift */ = {isa = PBXFileReference; fileEncoding = 4; lastKnownFileType = sourcecode.swift; path = Address.swift; sourceTree = "<group>"; };
		52C997C71DB531B900315811 /* Geo.swift */ = {isa = PBXFileReference; fileEncoding = 4; lastKnownFileType = sourcecode.swift; path = Geo.swift; sourceTree = "<group>"; };
		52C997C91DB531CD00315811 /* Company.swift */ = {isa = PBXFileReference; fileEncoding = 4; lastKnownFileType = sourcecode.swift; path = Company.swift; sourceTree = "<group>"; };
/* End PBXFileReference section */

/* Begin PBXFrameworksBuildPhase section */
		52C997AB1DB52DF400315811 /* Frameworks */ = {
			isa = PBXFrameworksBuildPhase;
			buildActionMask = 2147483647;
			files = (
			);
			runOnlyForDeploymentPostprocessing = 0;
		};
/* End PBXFrameworksBuildPhase section */

/* Begin PBXGroup section */
		52C997A51DB52DF300315811 = {
			isa = PBXGroup;
			children = (
				52C997B01DB52DF400315811 /* LocationAndMaps */,
				52C997AF1DB52DF400315811 /* Products */,
			);
			sourceTree = "<group>";
		};
		52C997AF1DB52DF400315811 /* Products */ = {
			isa = PBXGroup;
			children = (
				52C997AE1DB52DF400315811 /* LocationAndMaps.app */,
			);
			name = Products;
			sourceTree = "<group>";
		};
		52C997B01DB52DF400315811 /* LocationAndMaps */ = {
			isa = PBXGroup;
			children = (
				52C997B11DB52DF400315811 /* AppDelegate.swift */,
				52C997B31DB52DF400315811 /* ViewController.swift */,
				0C3415981DC13A4A00C12497 /* Users.swift */,
				52C997CB1DB53A2100315811 /* Model */,
				52C997B51DB52DF400315811 /* Main.storyboard */,
				52C997B81DB52DF400315811 /* Assets.xcassets */,
				0C3415961DC0D45000C12497 /* UserViewController.swift */,
				52C997BA1DB52DF400315811 /* LaunchScreen.storyboard */,
				52C997BD1DB52DF400315811 /* Info.plist */,
			);
			path = LocationAndMaps;
			sourceTree = "<group>";
		};
		52C997CB1DB53A2100315811 /* Model */ = {
			isa = PBXGroup;
			children = (
				52C997C31DB531A100315811 /* User.swift */,
				52C997C51DB531AC00315811 /* Address.swift */,
				52C997C71DB531B900315811 /* Geo.swift */,
				52C997C91DB531CD00315811 /* Company.swift */,
			);
			name = Model;
			sourceTree = "<group>";
		};
/* End PBXGroup section */

/* Begin PBXNativeTarget section */
		52C997AD1DB52DF400315811 /* LocationAndMaps */ = {
			isa = PBXNativeTarget;
			buildConfigurationList = 52C997C01DB52DF400315811 /* Build configuration list for PBXNativeTarget "LocationAndMaps" */;
			buildPhases = (
				52C997AA1DB52DF400315811 /* Sources */,
				52C997AB1DB52DF400315811 /* Frameworks */,
				52C997AC1DB52DF400315811 /* Resources */,
			);
			buildRules = (
			);
			dependencies = (
			);
			name = LocationAndMaps;
			productName = LocationAndMaps;
			productReference = 52C997AE1DB52DF400315811 /* LocationAndMaps.app */;
			productType = "com.apple.product-type.application";
		};
/* End PBXNativeTarget section */

/* Begin PBXProject section */
		52C997A61DB52DF300315811 /* Project object */ = {
			isa = PBXProject;
			attributes = {
				LastSwiftUpdateCheck = 0800;
				LastUpgradeCheck = 0800;
				ORGANIZATIONNAME = ena;
				TargetAttributes = {
					52C997AD1DB52DF400315811 = {
						CreatedOnToolsVersion = 8.0;
						ProvisioningStyle = Automatic;
					};
				};
			};
			buildConfigurationList = 52C997A91DB52DF300315811 /* Build configuration list for PBXProject "LocationAndMaps" */;
			compatibilityVersion = "Xcode 3.2";
			developmentRegion = English;
			hasScannedForEncodings = 0;
			knownRegions = (
				en,
				Base,
			);
			mainGroup = 52C997A51DB52DF300315811;
			productRefGroup = 52C997AF1DB52DF400315811 /* Products */;
			projectDirPath = "";
			projectRoot = "";
			targets = (
				52C997AD1DB52DF400315811 /* LocationAndMaps */,
			);
		};
/* End PBXProject section */

/* Begin PBXResourcesBuildPhase section */
		52C997AC1DB52DF400315811 /* Resources */ = {
			isa = PBXResourcesBuildPhase;
			buildActionMask = 2147483647;
			files = (
				52C997BC1DB52DF400315811 /* LaunchScreen.storyboard in Resources */,
				52C997B91DB52DF400315811 /* Assets.xcassets in Resources */,
				52C997B71DB52DF400315811 /* Main.storyboard in Resources */,
			);
			runOnlyForDeploymentPostprocessing = 0;
		};
/* End PBXResourcesBuildPhase section */

/* Begin PBXSourcesBuildPhase section */
		52C997AA1DB52DF400315811 /* Sources */ = {
			isa = PBXSourcesBuildPhase;
			buildActionMask = 2147483647;
			files = (
				0C3415991DC13A4A00C12497 /* Users.swift in Sources */,
				0C3415971DC0D45000C12497 /* UserViewController.swift in Sources */,
				52C997B41DB52DF400315811 /* ViewController.swift in Sources */,
				52C997B21DB52DF400315811 /* AppDelegate.swift in Sources */,
				52C997C61DB531AC00315811 /* Address.swift in Sources */,
				52C997C41DB531A100315811 /* User.swift in Sources */,
				52C997C81DB531B900315811 /* Geo.swift in Sources */,
				52C997CA1DB531CD00315811 /* Company.swift in Sources */,
			);
			runOnlyForDeploymentPostprocessing = 0;
		};
/* End PBXSourcesBuildPhase section */

/* Begin PBXVariantGroup section */
		52C997B51DB52DF400315811 /* Main.storyboard */ = {
			isa = PBXVariantGroup;
			children = (
				52C997B61DB52DF400315811 /* Base */,
			);
			name = Main.storyboard;
			sourceTree = "<group>";
		};
		52C997BA1DB52DF400315811 /* LaunchScreen.storyboard */ = {
			isa = PBXVariantGroup;
			children = (
				52C997BB1DB52DF400315811 /* Base */,
			);
			name = LaunchScreen.storyboard;
			sourceTree = "<group>";
		};
/* End PBXVariantGroup section */

/* Begin XCBuildConfiguration section */
		52C997BE1DB52DF400315811 /* Debug */ = {
			isa = XCBuildConfiguration;
			buildSettings = {
				ALWAYS_SEARCH_USER_PATHS = NO;
				CLANG_ANALYZER_NONNULL = YES;
				CLANG_CXX_LANGUAGE_STANDARD = "gnu++0x";
				CLANG_CXX_LIBRARY = "libc++";
				CLANG_ENABLE_MODULES = YES;
				CLANG_ENABLE_OBJC_ARC = YES;
				CLANG_WARN_BOOL_CONVERSION = YES;
				CLANG_WARN_CONSTANT_CONVERSION = YES;
				CLANG_WARN_DIRECT_OBJC_ISA_USAGE = YES_ERROR;
				CLANG_WARN_DOCUMENTATION_COMMENTS = YES;
				CLANG_WARN_EMPTY_BODY = YES;
				CLANG_WARN_ENUM_CONVERSION = YES;
				CLANG_WARN_INFINITE_RECURSION = YES;
				CLANG_WARN_INT_CONVERSION = YES;
				CLANG_WARN_OBJC_ROOT_CLASS = YES_ERROR;
				CLANG_WARN_SUSPICIOUS_MOVES = YES;
				CLANG_WARN_UNREACHABLE_CODE = YES;
				CLANG_WARN__DUPLICATE_METHOD_MATCH = YES;
				"CODE_SIGN_IDENTITY[sdk=iphoneos*]" = "iPhone Developer";
				COPY_PHASE_STRIP = NO;
				DEBUG_INFORMATION_FORMAT = dwarf;
				ENABLE_STRICT_OBJC_MSGSEND = YES;
				ENABLE_TESTABILITY = YES;
				GCC_C_LANGUAGE_STANDARD = gnu99;
				GCC_DYNAMIC_NO_PIC = NO;
				GCC_NO_COMMON_BLOCKS = YES;
				GCC_OPTIMIZATION_LEVEL = 0;
				GCC_PREPROCESSOR_DEFINITIONS = (
					"DEBUG=1",
					"$(inherited)",
				);
				GCC_WARN_64_TO_32_BIT_CONVERSION = YES;
				GCC_WARN_ABOUT_RETURN_TYPE = YES_ERROR;
				GCC_WARN_UNDECLARED_SELECTOR = YES;
				GCC_WARN_UNINITIALIZED_AUTOS = YES_AGGRESSIVE;
				GCC_WARN_UNUSED_FUNCTION = YES;
				GCC_WARN_UNUSED_VARIABLE = YES;
				IPHONEOS_DEPLOYMENT_TARGET = 10.0;
				MTL_ENABLE_DEBUG_INFO = YES;
				ONLY_ACTIVE_ARCH = YES;
				SDKROOT = iphoneos;
				SWIFT_ACTIVE_COMPILATION_CONDITIONS = DEBUG;
				SWIFT_OPTIMIZATION_LEVEL = "-Onone";
			};
			name = Debug;
		};
		52C997BF1DB52DF400315811 /* Release */ = {
			isa = XCBuildConfiguration;
			buildSettings = {
				ALWAYS_SEARCH_USER_PATHS = NO;
				CLANG_ANALYZER_NONNULL = YES;
				CLANG_CXX_LANGUAGE_STANDARD = "gnu++0x";
				CLANG_CXX_LIBRARY = "libc++";
				CLANG_ENABLE_MODULES = YES;
				CLANG_ENABLE_OBJC_ARC = YES;
				CLANG_WARN_BOOL_CONVERSION = YES;
				CLANG_WARN_CONSTANT_CONVERSION = YES;
				CLANG_WARN_DIRECT_OBJC_ISA_USAGE = YES_ERROR;
				CLANG_WARN_DOCUMENTATION_COMMENTS = YES;
				CLANG_WARN_EMPTY_BODY = YES;
				CLANG_WARN_ENUM_CONVERSION = YES;
				CLANG_WARN_INFINITE_RECURSION = YES;
				CLANG_WARN_INT_CONVERSION = YES;
				CLANG_WARN_OBJC_ROOT_CLASS = YES_ERROR;
				CLANG_WARN_SUSPICIOUS_MOVES = YES;
				CLANG_WARN_UNREACHABLE_CODE = YES;
				CLANG_WARN__DUPLICATE_METHOD_MATCH = YES;
				"CODE_SIGN_IDENTITY[sdk=iphoneos*]" = "iPhone Developer";
				COPY_PHASE_STRIP = NO;
				DEBUG_INFORMATION_FORMAT = "dwarf-with-dsym";
				ENABLE_NS_ASSERTIONS = NO;
				ENABLE_STRICT_OBJC_MSGSEND = YES;
				GCC_C_LANGUAGE_STANDARD = gnu99;
				GCC_NO_COMMON_BLOCKS = YES;
				GCC_WARN_64_TO_32_BIT_CONVERSION = YES;
				GCC_WARN_ABOUT_RETURN_TYPE = YES_ERROR;
				GCC_WARN_UNDECLARED_SELECTOR = YES;
				GCC_WARN_UNINITIALIZED_AUTOS = YES_AGGRESSIVE;
				GCC_WARN_UNUSED_FUNCTION = YES;
				GCC_WARN_UNUSED_VARIABLE = YES;
				IPHONEOS_DEPLOYMENT_TARGET = 10.0;
				MTL_ENABLE_DEBUG_INFO = NO;
				SDKROOT = iphoneos;
				SWIFT_OPTIMIZATION_LEVEL = "-Owholemodule";
				VALIDATE_PRODUCT = YES;
			};
			name = Release;
		};
		52C997C11DB52DF400315811 /* Debug */ = {
			isa = XCBuildConfiguration;
			buildSettings = {
				ASSETCATALOG_COMPILER_APPICON_NAME = AppIcon;
				INFOPLIST_FILE = LocationAndMaps/Info.plist;
				LD_RUNPATH_SEARCH_PATHS = "$(inherited) @executable_path/Frameworks";
				PRODUCT_BUNDLE_IDENTIFIER = com.example.LocationAndMaps;
				PRODUCT_NAME = "$(TARGET_NAME)";
				SWIFT_VERSION = 3.0;
			};
			name = Debug;
		};
		52C997C21DB52DF400315811 /* Release */ = {
			isa = XCBuildConfiguration;
			buildSettings = {
				ASSETCATALOG_COMPILER_APPICON_NAME = AppIcon;
				INFOPLIST_FILE = LocationAndMaps/Info.plist;
				LD_RUNPATH_SEARCH_PATHS = "$(inherited) @executable_path/Frameworks";
				PRODUCT_BUNDLE_IDENTIFIER = com.example.LocationAndMaps;
				PRODUCT_NAME = "$(TARGET_NAME)";
				SWIFT_VERSION = 3.0;
			};
			name = Release;
		};
/* End XCBuildConfiguration section */

/* Begin XCConfigurationList section */
		52C997A91DB52DF300315811 /* Build configuration list for PBXProject "LocationAndMaps" */ = {
			isa = XCConfigurationList;
			buildConfigurations = (
				52C997BE1DB52DF400315811 /* Debug */,
				52C997BF1DB52DF400315811 /* Release */,
			);
			defaultConfigurationIsVisible = 0;
			defaultConfigurationName = Release;
		};
		52C997C01DB52DF400315811 /* Build configuration list for PBXNativeTarget "LocationAndMaps" */ = {
			isa = XCConfigurationList;
			buildConfigurations = (
				52C997C11DB52DF400315811 /* Debug */,
				52C997C21DB52DF400315811 /* Release */,
			);
			defaultConfigurationIsVisible = 0;
			defaultConfigurationName = Release;
		};
/* End XCConfigurationList section */
	};
	rootObject = 52C997A61DB52DF300315811 /* Project object */;
}
